{
  "requires": true,
  "lockfileVersion": 1,
  "dependencies": {
    "@types/node": {
      "version": "12.12.14",
      "resolved": "https://registry.npmjs.org/@types/node/-/node-12.12.14.tgz",
      "integrity": "sha512-u/SJDyXwuihpwjXy7hOOghagLEV1KdAST6syfnOk6QZAMzZuWZqXy5aYYZbh8Jdpd4escVFP0MvftHNDb9pruA=="
    },
    "from": {
      "version": "0.1.7",
      "resolved": "https://registry.npmjs.org/from/-/from-0.1.7.tgz",
      "integrity": "sha1-g8YK/Fi5xWmXAH7Rp2izqzA6RP4="
    },
    "fs-backwards-stream": {
      "version": "1.0.0",
      "resolved": "https://registry.npmjs.org/fs-backwards-stream/-/fs-backwards-stream-1.0.0.tgz",
      "integrity": "sha512-tOrl5DghJ4A4HftsOIDF9/Inmxl5E05N62L0omedn4as4gzQF1Q1kifumTKOQgrs+xFbKRVzQ+2/ARVceuwEXg==",
      "requires": {
        "through": "~2.3.4"
      }
    },
    "fs-reverse": {
      "version": "0.0.3",
      "resolved": "https://registry.npmjs.org/fs-reverse/-/fs-reverse-0.0.3.tgz",
      "integrity": "sha512-zu+5yhmaWueDBAWm7y6ejj2PipVep3EQlQYdfS6r3zsfzIfTVkcdbrsqye2UovisDqogu5dJFxae/dUAOYQqBA==",
      "requires": {
        "from": "~0.1"
      }
    },
    "through": {
      "version": "2.3.8",
      "resolved": "https://registry.npmjs.org/through/-/through-2.3.8.tgz",
      "integrity": "sha1-DdTJ/6q8NXlgsbckEV1+Doai4fU="
    }
  }
}
